// !$*UTF8*$!
{
	archiveVersion = 1;
	classes = {
	};
	objectVersion = 48;
	objects = {

/* Begin PBXBuildFile section */
		871167B6217616FE001D070A /* AppDelegate.swift in Sources */ = {isa = PBXBuildFile; fileRef = 871167B5217616FE001D070A /* AppDelegate.swift */; };
		871167B8217616FE001D070A /* ViewController.swift in Sources */ = {isa = PBXBuildFile; fileRef = 871167B7217616FE001D070A /* ViewController.swift */; };
		871167BB217616FE001D070A /* Main.storyboard in Resources */ = {isa = PBXBuildFile; fileRef = 871167B9217616FE001D070A /* Main.storyboard */; };
		871167BD217616FE001D070A /* Assets.xcassets in Resources */ = {isa = PBXBuildFile; fileRef = 871167BC217616FE001D070A /* Assets.xcassets */; };
		871167C0217616FE001D070A /* LaunchScreen.storyboard in Resources */ = {isa = PBXBuildFile; fileRef = 871167BE217616FE001D070A /* LaunchScreen.storyboard */; };
		871167CB217616FF001D070A /* QiitaAPITests.swift in Sources */ = {isa = PBXBuildFile; fileRef = 871167CA217616FF001D070A /* QiitaAPITests.swift */; };
		871167D6217616FF001D070A /* QiitaAPIUITests.swift in Sources */ = {isa = PBXBuildFile; fileRef = 871167D5217616FF001D070A /* QiitaAPIUITests.swift */; };
/* End PBXBuildFile section */

/* Begin PBXContainerItemProxy section */
		871167C7217616FF001D070A /* PBXContainerItemProxy */ = {
			isa = PBXContainerItemProxy;
			containerPortal = 871167AA217616FE001D070A /* Project object */;
			proxyType = 1;
			remoteGlobalIDString = 871167B1217616FE001D070A;
			remoteInfo = QiitaAPI;
		};
		871167D2217616FF001D070A /* PBXContainerItemProxy */ = {
			isa = PBXContainerItemProxy;
			containerPortal = 871167AA217616FE001D070A /* Project object */;
			proxyType = 1;
			remoteGlobalIDString = 871167B1217616FE001D070A;
			remoteInfo = QiitaAPI;
		};
/* End PBXContainerItemProxy section */

/* Begin PBXFileReference section */
		871167B2217616FE001D070A /* QiitaAPI.app */ = {isa = PBXFileReference; explicitFileType = wrapper.application; includeInIndex = 0; path = QiitaAPI.app; sourceTree = BUILT_PRODUCTS_DIR; };
		871167B5217616FE001D070A /* AppDelegate.swift */ = {isa = PBXFileReference; lastKnownFileType = sourcecode.swift; path = AppDelegate.swift; sourceTree = "<group>"; };
		871167B7217616FE001D070A /* ViewController.swift */ = {isa = PBXFileReference; lastKnownFileType = sourcecode.swift; path = ViewController.swift; sourceTree = "<group>"; };
		871167BA217616FE001D070A /* Base */ = {isa = PBXFileReference; lastKnownFileType = file.storyboard; name = Base; path = Base.lproj/Main.storyboard; sourceTree = "<group>"; };
		871167BC217616FE001D070A /* Assets.xcassets */ = {isa = PBXFileReference; lastKnownFileType = folder.assetcatalog; path = Assets.xcassets; sourceTree = "<group>"; };
		871167BF217616FE001D070A /* Base */ = {isa = PBXFileReference; lastKnownFileType = file.storyboard; name = Base; path = Base.lproj/LaunchScreen.storyboard; sourceTree = "<group>"; };
		871167C1217616FE001D070A /* Info.plist */ = {isa = PBXFileReference; lastKnownFileType = text.plist.xml; path = Info.plist; sourceTree = "<group>"; };
		871167C6217616FF001D070A /* QiitaAPITests.xctest */ = {isa = PBXFileReference; explicitFileType = wrapper.cfbundle; includeInIndex = 0; path = QiitaAPITests.xctest; sourceTree = BUILT_PRODUCTS_DIR; };
		871167CA217616FF001D070A /* QiitaAPITests.swift */ = {isa = PBXFileReference; lastKnownFileType = sourcecode.swift; path = QiitaAPITests.swift; sourceTree = "<group>"; };
		871167CC217616FF001D070A /* Info.plist */ = {isa = PBXFileReference; lastKnownFileType = text.plist.xml; path = Info.plist; sourceTree = "<group>"; };
		871167D1217616FF001D070A /* QiitaAPIUITests.xctest */ = {isa = PBXFileReference; explicitFileType = wrapper.cfbundle; includeInIndex = 0; path = QiitaAPIUITests.xctest; sourceTree = BUILT_PRODUCTS_DIR; };
		871167D5217616FF001D070A /* QiitaAPIUITests.swift */ = {isa = PBXFileReference; lastKnownFileType = sourcecode.swift; path = QiitaAPIUITests.swift; sourceTree = "<group>"; };
		871167D7217616FF001D070A /* Info.plist */ = {isa = PBXFileReference; lastKnownFileType = text.plist.xml; path = Info.plist; sourceTree = "<group>"; };
/* End PBXFileReference section */

/* Begin PBXFrameworksBuildPhase section */
		871167AF217616FE001D070A /* Frameworks */ = {
			isa = PBXFrameworksBuildPhase;
			buildActionMask = 2147483647;
			files = (
			);
			runOnlyForDeploymentPostprocessing = 0;
		};
		871167C3217616FF001D070A /* Frameworks */ = {
			isa = PBXFrameworksBuildPhase;
			buildActionMask = 2147483647;
			files = (
			);
			runOnlyForDeploymentPostprocessing = 0;
		};
		871167CE217616FF001D070A /* Frameworks */ = {
			isa = PBXFrameworksBuildPhase;
			buildActionMask = 2147483647;
			files = (
			);
			runOnlyForDeploymentPostprocessing = 0;
		};
/* End PBXFrameworksBuildPhase section */

/* Begin PBXGroup section */
		871167A9217616FE001D070A = {
			isa = PBXGroup;
			children = (
				871167B4217616FE001D070A /* QiitaAPI */,
				871167C9217616FF001D070A /* QiitaAPITests */,
				871167D4217616FF001D070A /* QiitaAPIUITests */,
				871167B3217616FE001D070A /* Products */,
			);
			sourceTree = "<group>";
		};
		871167B3217616FE001D070A /* Products */ = {
			isa = PBXGroup;
			children = (
				871167B2217616FE001D070A /* QiitaAPI.app */,
				871167C6217616FF001D070A /* QiitaAPITests.xctest */,
				871167D1217616FF001D070A /* QiitaAPIUITests.xctest */,
			);
			name = Products;
			sourceTree = "<group>";
		};
		871167B4217616FE001D070A /* QiitaAPI */ = {
			isa = PBXGroup;
			children = (
				871167B5217616FE001D070A /* AppDelegate.swift */,
				871167B7217616FE001D070A /* ViewController.swift */,
				871167B9217616FE001D070A /* Main.storyboard */,
				871167BC217616FE001D070A /* Assets.xcassets */,
				871167BE217616FE001D070A /* LaunchScreen.storyboard */,
				871167C1217616FE001D070A /* Info.plist */,
			);
			path = QiitaAPI;
			sourceTree = "<group>";
		};
		871167C9217616FF001D070A /* QiitaAPITests */ = {
			isa = PBXGroup;
			children = (
				871167CA217616FF001D070A /* QiitaAPITests.swift */,
				871167CC217616FF001D070A /* Info.plist */,
			);
			path = QiitaAPITests;
			sourceTree = "<group>";
		};
		871167D4217616FF001D070A /* QiitaAPIUITests */ = {
			isa = PBXGroup;
			children = (
				871167D5217616FF001D070A /* QiitaAPIUITests.swift */,
				871167D7217616FF001D070A /* Info.plist */,
			);
			path = QiitaAPIUITests;
			sourceTree = "<group>";
		};
/* End PBXGroup section */

/* Begin PBXNativeTarget section */
		871167B1217616FE001D070A /* QiitaAPI */ = {
			isa = PBXNativeTarget;
			buildConfigurationList = 871167DA217616FF001D070A /* Build configuration list for PBXNativeTarget "QiitaAPI" */;
			buildPhases = (
				871167AE217616FE001D070A /* Sources */,
				871167AF217616FE001D070A /* Frameworks */,
				871167B0217616FE001D070A /* Resources */,
			);
			buildRules = (
			);
			dependencies = (
			);
			name = QiitaAPI;
			productName = QiitaAPI;
			productReference = 871167B2217616FE001D070A /* QiitaAPI.app */;
			productType = "com.apple.product-type.application";
		};
		871167C5217616FF001D070A /* QiitaAPITests */ = {
			isa = PBXNativeTarget;
			buildConfigurationList = 871167DD217616FF001D070A /* Build configuration list for PBXNativeTarget "QiitaAPITests" */;
			buildPhases = (
				871167C2217616FF001D070A /* Sources */,
				871167C3217616FF001D070A /* Frameworks */,
				871167C4217616FF001D070A /* Resources */,
			);
			buildRules = (
			);
			dependencies = (
				871167C8217616FF001D070A /* PBXTargetDependency */,
			);
			name = QiitaAPITests;
			productName = QiitaAPITests;
			productReference = 871167C6217616FF001D070A /* QiitaAPITests.xctest */;
			productType = "com.apple.product-type.bundle.unit-test";
		};
		871167D0217616FF001D070A /* QiitaAPIUITests */ = {
			isa = PBXNativeTarget;
			buildConfigurationList = 871167E0217616FF001D070A /* Build configuration list for PBXNativeTarget "QiitaAPIUITests" */;
			buildPhases = (
				871167CD217616FF001D070A /* Sources */,
				871167CE217616FF001D070A /* Frameworks */,
				871167CF217616FF001D070A /* Resources */,
			);
			buildRules = (
			);
			dependencies = (
				871167D3217616FF001D070A /* PBXTargetDependency */,
			);
			name = QiitaAPIUITests;
			productName = QiitaAPIUITests;
			productReference = 871167D1217616FF001D070A /* QiitaAPIUITests.xctest */;
			productType = "com.apple.product-type.bundle.ui-testing";
		};
/* End PBXNativeTarget section */

/* Begin PBXProject section */
		871167AA217616FE001D070A /* Project object */ = {
			isa = PBXProject;
			attributes = {
				LastSwiftUpdateCheck = 0910;
				LastUpgradeCheck = 0910;
				ORGANIZATIONNAME = "Kota Kawanishi";
				TargetAttributes = {
					871167B1217616FE001D070A = {
						CreatedOnToolsVersion = 9.1;
						ProvisioningStyle = Automatic;
					};
					871167C5217616FF001D070A = {
						CreatedOnToolsVersion = 9.1;
						ProvisioningStyle = Automatic;
						TestTargetID = 871167B1217616FE001D070A;
					};
					871167D0217616FF001D070A = {
						CreatedOnToolsVersion = 9.1;
						ProvisioningStyle = Automatic;
						TestTargetID = 871167B1217616FE001D070A;
					};
				};
			};
			buildConfigurationList = 871167AD217616FE001D070A /* Build configuration list for PBXProject "QiitaAPI" */;
			compatibilityVersion = "Xcode 8.0";
			developmentRegion = en;
			hasScannedForEncodings = 0;
			knownRegions = (
				en,
				Base,
			);
			mainGroup = 871167A9217616FE001D070A;
			productRefGroup = 871167B3217616FE001D070A /* Products */;
			projectDirPath = "";
			projectRoot = "";
			targets = (
				871167B1217616FE001D070A /* QiitaAPI */,
				871167C5217616FF001D070A /* QiitaAPITests */,
				871167D0217616FF001D070A /* QiitaAPIUITests */,
			);
		};
/* End PBXProject section */

/* Begin PBXResourcesBuildPhase section */
		871167B0217616FE001D070A /* Resources */ = {
			isa = PBXResourcesBuildPhase;
			buildActionMask = 2147483647;
			files = (
				871167C0217616FE001D070A /* LaunchScreen.storyboard in Resources */,
				871167BD217616FE001D070A /* Assets.xcassets in Resources */,
				871167BB217616FE001D070A /* Main.storyboard in Resources */,
			);
			runOnlyForDeploymentPostprocessing = 0;
		};
		871167C4217616FF001D070A /* Resources */ = {
			isa = PBXResourcesBuildPhase;
			buildActionMask = 2147483647;
			files = (
			);
			runOnlyForDeploymentPostprocessing = 0;
		};
		871167CF217616FF001D070A /* Resources */ = {
			isa = PBXResourcesBuildPhase;
			buildActionMask = 2147483647;
			files = (
			);
			runOnlyForDeploymentPostprocessing = 0;
		};
/* End PBXResourcesBuildPhase section */

/* Begin PBXSourcesBuildPhase section */
		871167AE217616FE001D070A /* Sources */ = {
			isa = PBXSourcesBuildPhase;
			buildActionMask = 2147483647;
			files = (
				871167B8217616FE001D070A /* ViewController.swift in Sources */,
				871167B6217616FE001D070A /* AppDelegate.swift in Sources */,
			);
			runOnlyForDeploymentPostprocessing = 0;
		};
		871167C2217616FF001D070A /* Sources */ = {
			isa = PBXSourcesBuildPhase;
			buildActionMask = 2147483647;
			files = (
				871167CB217616FF001D070A /* QiitaAPITests.swift in Sources */,
			);
			runOnlyForDeploymentPostprocessing = 0;
		};
		871167CD217616FF001D070A /* Sources */ = {
			isa = PBXSourcesBuildPhase;
			buildActionMask = 2147483647;
			files = (
				871167D6217616FF001D070A /* QiitaAPIUITests.swift in Sources */,
			);
			runOnlyForDeploymentPostprocessing = 0;
		};
/* End PBXSourcesBuildPhase section */

/* Begin PBXTargetDependency section */
		871167C8217616FF001D070A /* PBXTargetDependency */ = {
			isa = PBXTargetDependency;
			target = 871167B1217616FE001D070A /* QiitaAPI */;
			targetProxy = 871167C7217616FF001D070A /* PBXContainerItemProxy */;
		};
		871167D3217616FF001D070A /* PBXTargetDependency */ = {
			isa = PBXTargetDependency;
			target = 871167B1217616FE001D070A /* QiitaAPI */;
			targetProxy = 871167D2217616FF001D070A /* PBXContainerItemProxy */;
		};
/* End PBXTargetDependency section */

/* Begin PBXVariantGroup section */
		871167B9217616FE001D070A /* Main.storyboard */ = {
			isa = PBXVariantGroup;
			children = (
				871167BA217616FE001D070A /* Base */,
			);
			name = Main.storyboard;
			sourceTree = "<group>";
		};
		871167BE217616FE001D070A /* LaunchScreen.storyboard */ = {
			isa = PBXVariantGroup;
			children = (
				871167BF217616FE001D070A /* Base */,
			);
			name = LaunchScreen.storyboard;
			sourceTree = "<group>";
		};
/* End PBXVariantGroup section */

/* Begin XCBuildConfiguration section */
		871167D8217616FF001D070A /* Debug */ = {
			isa = XCBuildConfiguration;
			buildSettings = {
				ALWAYS_SEARCH_USER_PATHS = NO;
				CLANG_ANALYZER_NONNULL = YES;
				CLANG_ANALYZER_NUMBER_OBJECT_CONVERSION = YES_AGGRESSIVE;
				CLANG_CXX_LANGUAGE_STANDARD = "gnu++14";
				CLANG_CXX_LIBRARY = "libc++";
				CLANG_ENABLE_MODULES = YES;
				CLANG_ENABLE_OBJC_ARC = YES;
				CLANG_WARN_BLOCK_CAPTURE_AUTORELEASING = YES;
				CLANG_WARN_BOOL_CONVERSION = YES;
				CLANG_WARN_COMMA = YES;
				CLANG_WARN_CONSTANT_CONVERSION = YES;
				CLANG_WARN_DIRECT_OBJC_ISA_USAGE = YES_ERROR;
				CLANG_WARN_DOCUMENTATION_COMMENTS = YES;
				CLANG_WARN_EMPTY_BODY = YES;
				CLANG_WARN_ENUM_CONVERSION = YES;
				CLANG_WARN_INFINITE_RECURSION = YES;
				CLANG_WARN_INT_CONVERSION = YES;
				CLANG_WARN_NON_LITERAL_NULL_CONVERSION = YES;
				CLANG_WARN_OBJC_LITERAL_CONVERSION = YES;
				CLANG_WARN_OBJC_ROOT_CLASS = YES_ERROR;
				CLANG_WARN_RANGE_LOOP_ANALYSIS = YES;
				CLANG_WARN_STRICT_PROTOTYPES = YES;
				CLANG_WARN_SUSPICIOUS_MOVE = YES;
				CLANG_WARN_UNGUARDED_AVAILABILITY = YES_AGGRESSIVE;
				CLANG_WARN_UNREACHABLE_CODE = YES;
				CLANG_WARN__DUPLICATE_METHOD_MATCH = YES;
				CODE_SIGN_IDENTITY = "iPhone Developer";
				COPY_PHASE_STRIP = NO;
				DEBUG_INFORMATION_FORMAT = dwarf;
				ENABLE_STRICT_OBJC_MSGSEND = YES;
				ENABLE_TESTABILITY = YES;
				GCC_C_LANGUAGE_STANDARD = gnu11;
				GCC_DYNAMIC_NO_PIC = NO;
				GCC_NO_COMMON_BLOCKS = YES;
				GCC_OPTIMIZATION_LEVEL = 0;
				GCC_PREPROCESSOR_DEFINITIONS = (
					"DEBUG=1",
					"$(inherited)",
				);
				GCC_WARN_64_TO_32_BIT_CONVERSION = YES;
				GCC_WARN_ABOUT_RETURN_TYPE = YES_ERROR;
				GCC_WARN_UNDECLARED_SELECTOR = YES;
				GCC_WARN_UNINITIALIZED_AUTOS = YES_AGGRESSIVE;
				GCC_WARN_UNUSED_FUNCTION = YES;
				GCC_WARN_UNUSED_VARIABLE = YES;
				IPHONEOS_DEPLOYMENT_TARGET = 11.1;
				MTL_ENABLE_DEBUG_INFO = YES;
				ONLY_ACTIVE_ARCH = YES;
				SDKROOT = iphoneos;
				SWIFT_ACTIVE_COMPILATION_CONDITIONS = DEBUG;
				SWIFT_OPTIMIZATION_LEVEL = "-Onone";
			};
			name = Debug;
		};
		871167D9217616FF001D070A /* Release */ = {
			isa = XCBuildConfiguration;
			buildSettings = {
				ALWAYS_SEARCH_USER_PATHS = NO;
				CLANG_ANALYZER_NONNULL = YES;
				CLANG_ANALYZER_NUMBER_OBJECT_CONVERSION = YES_AGGRESSIVE;
				CLANG_CXX_LANGUAGE_STANDARD = "gnu++14";
				CLANG_CXX_LIBRARY = "libc++";
				CLANG_ENABLE_MODULES = YES;
				CLANG_ENABLE_OBJC_ARC = YES;
				CLANG_WARN_BLOCK_CAPTURE_AUTORELEASING = YES;
				CLANG_WARN_BOOL_CONVERSION = YES;
				CLANG_WARN_COMMA = YES;
				CLANG_WARN_CONSTANT_CONVERSION = YES;
				CLANG_WARN_DIRECT_OBJC_ISA_USAGE = YES_ERROR;
				CLANG_WARN_DOCUMENTATION_COMMENTS = YES;
				CLANG_WARN_EMPTY_BODY = YES;
				CLANG_WARN_ENUM_CONVERSION = YES;
				CLANG_WARN_INFINITE_RECURSION = YES;
				CLANG_WARN_INT_CONVERSION = YES;
				CLANG_WARN_NON_LITERAL_NULL_CONVERSION = YES;
				CLANG_WARN_OBJC_LITERAL_CONVERSION = YES;
				CLANG_WARN_OBJC_ROOT_CLASS = YES_ERROR;
				CLANG_WARN_RANGE_LOOP_ANALYSIS = YES;
				CLANG_WARN_STRICT_PROTOTYPES = YES;
				CLANG_WARN_SUSPICIOUS_MOVE = YES;
				CLANG_WARN_UNGUARDED_AVAILABILITY = YES_AGGRESSIVE;
				CLANG_WARN_UNREACHABLE_CODE = YES;
				CLANG_WARN__DUPLICATE_METHOD_MATCH = YES;
				CODE_SIGN_IDENTITY = "iPhone Developer";
				COPY_PHASE_STRIP = NO;
				DEBUG_INFORMATION_FORMAT = "dwarf-with-dsym";
				ENABLE_NS_ASSERTIONS = NO;
				ENABLE_STRICT_OBJC_MSGSEND = YES;
				GCC_C_LANGUAGE_STANDARD = gnu11;
				GCC_NO_COMMON_BLOCKS = YES;
				GCC_WARN_64_TO_32_BIT_CONVERSION = YES;
				GCC_WARN_ABOUT_RETURN_TYPE = YES_ERROR;
				GCC_WARN_UNDECLARED_SELECTOR = YES;
				GCC_WARN_UNINITIALIZED_AUTOS = YES_AGGRESSIVE;
				GCC_WARN_UNUSED_FUNCTION = YES;
				GCC_WARN_UNUSED_VARIABLE = YES;
				IPHONEOS_DEPLOYMENT_TARGET = 11.1;
				MTL_ENABLE_DEBUG_INFO = NO;
				SDKROOT = iphoneos;
				SWIFT_OPTIMIZATION_LEVEL = "-Owholemodule";
				VALIDATE_PRODUCT = YES;
			};
			name = Release;
		};
		871167DB217616FF001D070A /* Debug */ = {
			isa = XCBuildConfiguration;
			buildSettings = {
				ASSETCATALOG_COMPILER_APPICON_NAME = AppIcon;
				CODE_SIGN_STYLE = Automatic;
				DEVELOPMENT_TEAM = FBNFNU46TG;
				INFOPLIST_FILE = QiitaAPI/Info.plist;
				LD_RUNPATH_SEARCH_PATHS = "$(inherited) @executable_path/Frameworks";
				PRODUCT_BUNDLE_IDENTIFIER = com.kotakawanishi.QiitaAPI;
				PRODUCT_NAME = "$(TARGET_NAME)";
				SWIFT_VERSION = 4.0;
				TARGETED_DEVICE_FAMILY = "1,2";
			};
			name = Debug;
		};
		871167DC217616FF001D070A /* Release */ = {
			isa = XCBuildConfiguration;
			buildSettings = {
				ASSETCATALOG_COMPILER_APPICON_NAME = AppIcon;
				CODE_SIGN_STYLE = Automatic;
				DEVELOPMENT_TEAM = FBNFNU46TG;
				INFOPLIST_FILE = QiitaAPI/Info.plist;
				LD_RUNPATH_SEARCH_PATHS = "$(inherited) @executable_path/Frameworks";
				PRODUCT_BUNDLE_IDENTIFIER = com.kotakawanishi.QiitaAPI;
				PRODUCT_NAME = "$(TARGET_NAME)";
				SWIFT_VERSION = 4.0;
				TARGETED_DEVICE_FAMILY = "1,2";
			};
			name = Release;
		};
		871167DE217616FF001D070A /* Debug */ = {
			isa = XCBuildConfiguration;
			buildSettings = {
				ALWAYS_EMBED_SWIFT_STANDARD_LIBRARIES = YES;
				BUNDLE_LOADER = "$(TEST_HOST)";
				CODE_SIGN_STYLE = Automatic;
				DEVELOPMENT_TEAM = FBNFNU46TG;
				INFOPLIST_FILE = QiitaAPITests/Info.plist;
				LD_RUNPATH_SEARCH_PATHS = "$(inherited) @executable_path/Frameworks @loader_path/Frameworks";
				PRODUCT_BUNDLE_IDENTIFIER = com.kotakawanishi.QiitaAPITests;
				PRODUCT_NAME = "$(TARGET_NAME)";
				SWIFT_VERSION = 4.0;
				TARGETED_DEVICE_FAMILY = "1,2";
				TEST_HOST = "$(BUILT_PRODUCTS_DIR)/QiitaAPI.app/QiitaAPI";
			};
			name = Debug;
		};
		871167DF217616FF001D070A /* Release */ = {
			isa = XCBuildConfiguration;
			buildSettings = {
				ALWAYS_EMBED_SWIFT_STANDARD_LIBRARIES = YES;
				BUNDLE_LOADER = "$(TEST_HOST)";
				CODE_SIGN_STYLE = Automatic;
				DEVELOPMENT_TEAM = FBNFNU46TG;
				INFOPLIST_FILE = QiitaAPITests/Info.plist;
				LD_RUNPATH_SEARCH_PATHS = "$(inherited) @executable_path/Frameworks @loader_path/Frameworks";
				PRODUCT_BUNDLE_IDENTIFIER = com.kotakawanishi.QiitaAPITests;
				PRODUCT_NAME = "$(TARGET_NAME)";
				SWIFT_VERSION = 4.0;
				TARGETED_DEVICE_FAMILY = "1,2";
				TEST_HOST = "$(BUILT_PRODUCTS_DIR)/QiitaAPI.app/QiitaAPI";
			};
			name = Release;
		};
		871167E1217616FF001D070A /* Debug */ = {
			isa = XCBuildConfiguration;
			buildSettings = {
				ALWAYS_EMBED_SWIFT_STANDARD_LIBRARIES = YES;
				CODE_SIGN_STYLE = Automatic;
				DEVELOPMENT_TEAM = FBNFNU46TG;
				INFOPLIST_FILE = QiitaAPIUITests/Info.plist;
				LD_RUNPATH_SEARCH_PATHS = "$(inherited) @executable_path/Frameworks @loader_path/Frameworks";
				PRODUCT_BUNDLE_IDENTIFIER = com.kotakawanishi.QiitaAPIUITests;
				PRODUCT_NAME = "$(TARGET_NAME)";
				SWIFT_VERSION = 4.0;
				TARGETED_DEVICE_FAMILY = "1,2";
				TEST_TARGET_NAME = QiitaAPI;
			};
			name = Debug;
		};
		871167E2217616FF001D070A /* Release */ = {
			isa = XCBuildConfiguration;
			buildSettings = {
				ALWAYS_EMBED_SWIFT_STANDARD_LIBRARIES = YES;
				CODE_SIGN_STYLE = Automatic;
				DEVELOPMENT_TEAM = FBNFNU46TG;
				INFOPLIST_FILE = QiitaAPIUITests/Info.plist;
				LD_RUNPATH_SEARCH_PATHS = "$(inherited) @executable_path/Frameworks @loader_path/Frameworks";
				PRODUCT_BUNDLE_IDENTIFIER = com.kotakawanishi.QiitaAPIUITests;
				PRODUCT_NAME = "$(TARGET_NAME)";
				SWIFT_VERSION = 4.0;
				TARGETED_DEVICE_FAMILY = "1,2";
				TEST_TARGET_NAME = QiitaAPI;
			};
			name = Release;
		};
/* End XCBuildConfiguration section */

/* Begin XCConfigurationList section */
		871167AD217616FE001D070A /* Build configuration list for PBXProject "QiitaAPI" */ = {
			isa = XCConfigurationList;
			buildConfigurations = (
				871167D8217616FF001D070A /* Debug */,
				871167D9217616FF001D070A /* Release */,
			);
			defaultConfigurationIsVisible = 0;
			defaultConfigurationName = Release;
		};
		871167DA217616FF001D070A /* Build configuration list for PBXNativeTarget "QiitaAPI" */ = {
			isa = XCConfigurationList;
			buildConfigurations = (
				871167DB217616FF001D070A /* Debug */,
				871167DC217616FF001D070A /* Release */,
			);
			defaultConfigurationIsVisible = 0;
			defaultConfigurationName = Release;
		};
		871167DD217616FF001D070A /* Build configuration list for PBXNativeTarget "QiitaAPITests" */ = {
			isa = XCConfigurationList;
			buildConfigurations = (
				871167DE217616FF001D070A /* Debug */,
				871167DF217616FF001D070A /* Release */,
			);
			defaultConfigurationIsVisible = 0;
			defaultConfigurationName = Release;
		};
		871167E0217616FF001D070A /* Build configuration list for PBXNativeTarget "QiitaAPIUITests" */ = {
			isa = XCConfigurationList;
			buildConfigurations = (
				871167E1217616FF001D070A /* Debug */,
				871167E2217616FF001D070A /* Release */,
			);
			defaultConfigurationIsVisible = 0;
			defaultConfigurationName = Release;
		};
/* End XCConfigurationList section */
	};
	rootObject = 871167AA217616FE001D070A /* Project object */;
}
